<?xml version="1.0" encoding="utf-8"?>
<Project ToolsVersion="4.0" xmlns="http://schemas.microsoft.com/developer/msbuild/2003">
  <ItemGroup>
    <Filter Include="include">
      <UniqueIdentifier>{60526c18-5a0e-4bc7-adc3-3c8bc35296b5}</UniqueIdentifier>
    </Filter>
    <Filter Include="memory">
      <UniqueIdentifier>{a0e3c08c-ace7-427b-b5a8-209da017d439}</UniqueIdentifier>
    </Filter>
  </ItemGroup>
  <ItemGroup>
    <ClInclude Include="include\leechcore.h">
      <Filter>include</Filter>
    </ClInclude>
    <ClInclude Include="include\vmmdll.h">
      <Filter>include</Filter>
    </ClInclude>
    <ClInclude Include="memory\memory.hpp">
      <Filter>memory</Filter>
    </ClInclude>
    <ClInclude Include="headers.hpp" />
  </ItemGroup>
  <ItemGroup>
    <ClCompile Include="memory\memory.cpp">
      <Filter>memory</Filter>
    </ClCompile>
    <ClCompile Include="main.cpp" />
  </ItemGroup>
</Project>